{
  "projects": [
    {
      "projectId": "kpio2pzukKRJkKg6SSrKTe",
      "version": "0.1.0",
      "dependencies": {},
      "lang": "ts",
      "fileLocks": [
        {
          "assetId": "kpio2pzukKRJkKg6SSrKTe",
          "type": "projectCss",
          "checksum": "e1ec850476829c38b0f9b6d4f7ac446a"
        }
      ],
      "codegenVersion": "0.0.1"
    },
    {
      "projectId": "r3ASNrnyvLLLAtDvzUioQ",
      "version": "4.5.1",
      "dependencies": {},
      "lang": "ts",
      "fileLocks": [
        {
          "assetId": "r3ASNrnyvLLLAtDvzUioQ",
          "type": "projectCss",
          "checksum": "e1ec850476829c38b0f9b6d4f7ac446a"
        }
      ],
      "codegenVersion": "0.0.1"
    },
    {
      "projectId": "sqPBLwEBBKHA2WDuGb17eV",
      "version": "2.0.0",
      "dependencies": {},
      "lang": "ts",
      "fileLocks": [
        {
          "type": "renderModule",
          "assetId": "5nirPCGmCnRD",
          "checksum": "894bd3c651fb8ace75ecf7cb503a16d6"
        },
        {
          "type": "cssRules",
          "assetId": "5nirPCGmCnRD",
          "checksum": "894bd3c651fb8ace75ecf7cb503a16d6"
        },
        {
          "type": "icon",
          "assetId": "Wyt3GMMsLefj",
          "checksum": "d2b1886763aa016780501d0c22f50b5e"
        },
        {
          "type": "icon",
          "assetId": "MbDRsJU0e3bw",
          "checksum": "92672aa6935120ebaac11939d8d127bb"
        },
        {
          "assetId": "sqPBLwEBBKHA2WDuGb17eV",
          "type": "projectCss",
          "checksum": "e1ec850476829c38b0f9b6d4f7ac446a"
        }
      ],
      "codegenVersion": "0.0.1"
    },
    {
      "projectId": "8PtdGodUbexNYgkuyBUcWu",
      "version": "3.24.0",
      "dependencies": {},
      "lang": "ts",
      "fileLocks": [
        {
          "assetId": "8PtdGodUbexNYgkuyBUcWu",
          "checksum": "34a063f27f0b27a7d1d344bc6b5252c5",
          "type": "globalContexts"
        },
        {
          "assetId": "8PtdGodUbexNYgkuyBUcWu",
          "type": "projectCss",
          "checksum": "078b5be9aa4a8ea2a39b36c771c25aaa"
        }
      ],
      "codegenVersion": "0.0.1"
    },
    {
      "projectId": "5dGW8Awro3qq8Hh5MveXLP",
      "version": "1.24.0",
      "dependencies": {},
      "lang": "ts",
      "fileLocks": [
        {
          "assetId": "5dGW8Awro3qq8Hh5MveXLP",
          "type": "projectCss",
          "checksum": "208e7308eefeffa5d03c833e22ab6f90"
        }
      ],
      "codegenVersion": "0.0.1"
    },
    {
      "projectId": "58GpZjZCWTaJ8AUhpCwt2K",
      "version": "3.25.0",
      "dependencies": {},
      "lang": "ts",
      "fileLocks": [
        {
          "assetId": "58GpZjZCWTaJ8AUhpCwt2K",
          "type": "projectCss",
          "checksum": "fd84921cc10936e6ceb458c2ae01c4bd"
        }
      ],
      "codegenVersion": "0.0.1"
    },
    {
      "projectId": "caTPwKxj5ZrD9LQ7DMdK4Z",
      "version": "3.37.0",
      "dependencies": {},
      "lang": "ts",
      "fileLocks": [
        {
          "assetId": "caTPwKxj5ZrD9LQ7DMdK4Z",
          "type": "projectCss",
          "checksum": "e1ec850476829c38b0f9b6d4f7ac446a"
        }
      ],
      "codegenVersion": "0.0.1"
    },
    {
      "projectId": "mqxdhm5p6WHAt7hW1mdcCX",
      "version": "0.3.0",
      "dependencies": {},
      "lang": "ts",
      "fileLocks": [
        {
          "assetId": "mqxdhm5p6WHAt7hW1mdcCX",
          "type": "projectCss",
          "checksum": "e1ec850476829c38b0f9b6d4f7ac446a"
        }
      ],
      "codegenVersion": "0.0.1"
    },
    {
      "projectId": "9Vr5YWkf3w7jj6SsTcCEta",
      "version": "0.10.0",
      "dependencies": {},
      "lang": "ts",
      "fileLocks": [
        {
          "assetId": "9Vr5YWkf3w7jj6SsTcCEta",
          "type": "projectCss",
          "checksum": "e1ec850476829c38b0f9b6d4f7ac446a"
        }
      ],
      "codegenVersion": "0.0.1"
    },
    {
      "projectId": "ohDidvG9XsCeFumugENU3J",
      "version": "6.25.0",
      "dependencies": {},
      "lang": "ts",
      "fileLocks": [
        {
          "assetId": "ohDidvG9XsCeFumugENU3J",
          "checksum": "de0a0e65174a6a185a8f822af51c6bdd",
          "type": "globalContexts"
        },
        {
          "assetId": "ohDidvG9XsCeFumugENU3J",
          "type": "projectCss",
          "checksum": "fd83b730367fdbde2c69bc6cf31c2a3c"
        }
      ],
      "codegenVersion": "0.0.1"
    },
    {
      "projectId": "umqBp7PH6EsELMxj7VcR5D",
      "version": "latest",
      "dependencies": {
        "ohDidvG9XsCeFumugENU3J": "6.25.0",
        "9Vr5YWkf3w7jj6SsTcCEta": "0.10.0",
        "mqxdhm5p6WHAt7hW1mdcCX": "0.3.0",
        "caTPwKxj5ZrD9LQ7DMdK4Z": "3.37.0",
        "58GpZjZCWTaJ8AUhpCwt2K": "3.25.0",
        "5dGW8Awro3qq8Hh5MveXLP": "1.24.0",
        "8PtdGodUbexNYgkuyBUcWu": "3.24.0",
        "sqPBLwEBBKHA2WDuGb17eV": "2.0.0",
        "r3ASNrnyvLLLAtDvzUioQ": "4.5.1",
        "kpio2pzukKRJkKg6SSrKTe": "0.1.0"
      },
      "lang": "ts",
      "fileLocks": [
        {
          "assetId": "umqBp7PH6EsELMxj7VcR5D",
          "checksum": "ab9489c7013af92b7862f2c7f878e7fa",
          "type": "globalContexts"
        },
        {
          "type": "image",
          "assetId": "BYyEXoS6eSQ0",
          "checksum": "3c78f22ba653bc0e8179f3db30f8483e"
        },
        {
          "type": "image",
          "assetId": "sCjEBAbfksaJ",
          "checksum": "9eac546c2210b1a448ded05e30607a81"
        },
        {
          "type": "image",
          "assetId": "CXKftpIsCtbP",
          "checksum": "87cfe222c8b513f255b75f8bd43e30a3"
        },
        {
          "type": "image",
          "assetId": "hgzZ0veDqHz9",
          "checksum": "6e2b06a1a001ac4eeb970935bd50e547"
        },
        {
          "type": "image",
          "assetId": "l1gE52bEITe4",
          "checksum": "df5fe6a3871b2e1fb7833e2254933460"
        },
        {
          "type": "image",
          "assetId": "D6efGLvwX0gc",
          "checksum": "77aace9ea988cd6a8f8058ffe0908fb3"
        },
        {
          "type": "image",
          "assetId": "IHh6k4Lx0i0n",
          "checksum": "4a60c9236b641e60a398f273be805526"
        },
        {
          "type": "image",
          "assetId": "lYZWYzbttOw6",
          "checksum": "b6a94278d1f4faddc522a419c8a3f0d1"
        },
        {
          "type": "image",
          "assetId": "kwFc7FQsf3cv",
          "checksum": "1aa829a3287574fe774254c7e0926a6e"
        },
        {
          "type": "image",
          "assetId": "ktTFYnEO8hrp",
          "checksum": "6832eb7ed777976d6cb1913de6701a4a"
        },
        {
          "type": "image",
          "assetId": "4_A2nqRLxs7H",
          "checksum": "4c6b95fa36d5d9ed82785d06e9f611fd"
        },
        {
          "type": "image",
          "assetId": "oCnVn9BqX6N6",
          "checksum": "66caedfd14fe1638e8a515972a163758"
        },
        {
          "type": "image",
          "assetId": "1ZDnu8XvxDqG",
          "checksum": "fd3b29e9bc43a981f2932e324ddfe03a"
        },
        {
          "type": "image",
          "assetId": "E4B2-twtIKza",
          "checksum": "b178aff6a76a6264553ca73f65c89a38"
        },
        {
          "type": "image",
          "assetId": "eVOSl1kmNTk6",
          "checksum": "13ce57fefc08a63d1654a3a6f556eab4"
        },
        {
          "type": "image",
          "assetId": "roufHLNGJTdz",
          "checksum": "9bba125d70cc3ed989ccba40ad016cd4"
        },
        {
          "type": "image",
          "assetId": "SeKtMeztwdbQ",
          "checksum": "6ea7cd2f7752baf0ef120bc06d221654"
        },
        {
          "type": "image",
          "assetId": "ljYYTNYc9lpR",
          "checksum": "2a23db08092057208942db271501c6f4"
        },
        {
          "type": "image",
          "assetId": "voWCei4OkUu2",
          "checksum": "6c4e7f9f9ecf9062d71b5058a8fa6fb1"
        },
        {
          "type": "image",
          "assetId": "BM-D7Xz-49tu",
          "checksum": "825d1ab35e01efef7e263239d3c7a4c5"
        },
        {
          "type": "image",
          "assetId": "VIVO4iBKpTWJ",
          "checksum": "4ce5e5c8a155c4f77b17a5edb376c7c0"
        },
        {
          "type": "image",
          "assetId": "hVOLPu8OFfoC",
          "checksum": "3f5fc9ebe0e46b5e1a327ab1a67d6c1f"
        },
        {
          "type": "image",
          "assetId": "rGWdITC2IwBc",
          "checksum": "65a72f7fe8a5bfe9c6734f31e5ab3136"
        },
        {
          "type": "image",
          "assetId": "rpXcXF2Lw0aO",
          "checksum": "06a693263aa1b4b9262f0a8b56f047bd"
        },
        {
          "type": "image",
          "assetId": "JR_1TJlIWzJA",
          "checksum": "db3a25450cf2b53d12c601aae186e41c"
        },
        {
          "type": "image",
          "assetId": "pIfIK_7lT1Ak",
          "checksum": "036f404c41b3d620cdd73e9e753b3af2"
        },
        {
          "type": "image",
          "assetId": "4AucjTLhq30f",
          "checksum": "2560487beb2f6964ce95be0c587ac520"
        },
        {
          "type": "image",
          "assetId": "FDqDMj0O9qlY",
          "checksum": "68cd31761ea45058795d6fb887b2e603"
        },
        {
          "type": "image",
          "assetId": "y9NstzGEK7zp",
          "checksum": "2cfb6dc27d30f48ab92816221c7eb811"
        },
        {
          "type": "image",
          "assetId": "t0wdWZyHP3Ei",
          "checksum": "dc9f638ea834eba1ba4c992a75466ad4"
        },
        {
          "type": "image",
          "assetId": "zYbV7n0NHGpQ",
          "checksum": "21b4d73748d31954c2e7ced4abec754c"
        },
        {
          "type": "image",
          "assetId": "MXFwX5mdNnZP",
          "checksum": "98ac2c7631964e57e37f2c0ee0e5e0fa"
        },
        {
          "type": "image",
          "assetId": "S7nDYT6dacgw",
          "checksum": "80d84a13f4666312fe8fed71a8fa7469"
        },
        {
          "type": "image",
          "assetId": "PwwqbLNPe5E7",
          "checksum": "42c80a0698f431226eeb84b2b714cd42"
        },
        {
          "type": "image",
          "assetId": "i8lfx18drPDt",
          "checksum": "5551b2524a26cbb23b101344ba4d955a"
        },
        {
          "type": "image",
          "assetId": "A2jkkcFq-EPu",
          "checksum": "0990ee01cd5ac5ada9f5339effe69abf"
        },
        {
          "type": "image",
          "assetId": "HqgcWK-HN5fC",
          "checksum": "c7403fb8354584e67959a154834afc1a"
        },
        {
          "type": "image",
          "assetId": "thrN8sKdLGwa",
          "checksum": "e2f0c63e97e3c6e5d24c051fad157b36"
        },
        {
          "type": "image",
          "assetId": "kkD4nEfiCel7",
          "checksum": "578561af9d9fe5d6555c7a5c11f1b6ad"
        },
        {
          "type": "image",
          "assetId": "zgtRUfjQrLpz",
          "checksum": "3ac30e87117242a471c807020ea87fa8"
        },
        {
          "type": "image",
          "assetId": "fzl-wK8OM8SV",
          "checksum": "a17ab175ad270d31addd9be1f60ea4e9"
        },
        {
          "type": "image",
          "assetId": "5m5t7zRy3wTq",
          "checksum": "95a84ec115b7f5240917e98871247d9e"
        },
        {
          "type": "globalVariant",
          "assetId": "JnoQdQUYEw7d",
          "checksum": "68874eda6d87f8ed434f5137647c9a68"
        },
        {
          "type": "renderModule",
          "assetId": "dPjsQHSr76Zi",
          "checksum": "69f6d8a25c7a3931915a44440d9c4e9a"
        },
        {
          "type": "cssRules",
          "assetId": "dPjsQHSr76Zi",
          "checksum": "69f6d8a25c7a3931915a44440d9c4e9a"
        },
        {
          "type": "renderModule",
          "assetId": "eRWSZqPk3KsM",
          "checksum": "66f424fc75efd2f2d85c14d437664286"
        },
        {
          "type": "cssRules",
          "assetId": "eRWSZqPk3KsM",
          "checksum": "66f424fc75efd2f2d85c14d437664286"
        },
        {
          "type": "renderModule",
          "assetId": "yRQ3u0JIMHGv",
          "checksum": "4f3b5768bf6e6bca50f777afde2408dc"
        },
        {
          "type": "cssRules",
          "assetId": "yRQ3u0JIMHGv",
          "checksum": "4f3b5768bf6e6bca50f777afde2408dc"
        },
        {
          "type": "renderModule",
          "assetId": "gSAGOIgLlV1m",
          "checksum": "a59c1ca9dc308cf237249f5047b8ff88"
        },
        {
          "type": "cssRules",
          "assetId": "gSAGOIgLlV1m",
          "checksum": "a59c1ca9dc308cf237249f5047b8ff88"
        },
        {
          "type": "renderModule",
          "assetId": "Xa-NSX71gNXM",
          "checksum": "b32ec24ea6bf758177aa1faf7184ea1a"
        },
        {
          "type": "cssRules",
          "assetId": "Xa-NSX71gNXM",
          "checksum": "b32ec24ea6bf758177aa1faf7184ea1a"
        },
        {
          "type": "renderModule",
          "assetId": "62NXG1izN0pS",
          "checksum": "fb69272ffcd9dd2fbf444df7630e576c"
        },
        {
          "type": "cssRules",
          "assetId": "62NXG1izN0pS",
          "checksum": "fb69272ffcd9dd2fbf444df7630e576c"
        },
        {
          "type": "renderModule",
          "assetId": "U-c5uqCklJTj",
          "checksum": "f1dc67b62972db38ffed7a6568be7d1f"
        },
        {
          "type": "cssRules",
          "assetId": "U-c5uqCklJTj",
          "checksum": "f1dc67b62972db38ffed7a6568be7d1f"
        },
        {
          "type": "renderModule",
          "assetId": "FV5cXcjzwWzR",
          "checksum": "52519860f02db398944c1eb3b3231946"
        },
        {
          "type": "cssRules",
          "assetId": "FV5cXcjzwWzR",
          "checksum": "52519860f02db398944c1eb3b3231946"
        },
        {
          "type": "renderModule",
          "assetId": "IXJ-jrcoDQFJ",
          "checksum": "5e00912828674d94633aaf93244b2904"
        },
        {
          "type": "cssRules",
          "assetId": "IXJ-jrcoDQFJ",
          "checksum": "5e00912828674d94633aaf93244b2904"
        },
        {
          "type": "renderModule",
          "assetId": "RtMPv5Ty0hfh",
          "checksum": "fe40cec0776f132aa25529e0cff3d0d7"
        },
        {
          "type": "cssRules",
          "assetId": "RtMPv5Ty0hfh",
          "checksum": "fe40cec0776f132aa25529e0cff3d0d7"
        },
        {
          "type": "renderModule",
          "assetId": "7rjwun3ZP4RA",
          "checksum": "f6c8310a5069190631617216c5a5c760"
        },
        {
          "type": "cssRules",
          "assetId": "7rjwun3ZP4RA",
          "checksum": "f6c8310a5069190631617216c5a5c760"
        },
        {
          "type": "renderModule",
          "assetId": "dFjy5I8oJJr7",
          "checksum": "d01cfbbd055df8c0d9a3e36c28ff0c51"
        },
        {
          "type": "cssRules",
          "assetId": "dFjy5I8oJJr7",
          "checksum": "d01cfbbd055df8c0d9a3e36c28ff0c51"
        },
        {
          "type": "renderModule",
          "assetId": "sMFUSm4Rse1n",
          "checksum": "1cab3d1e21957ab622740c26afdf1593"
        },
        {
          "type": "cssRules",
          "assetId": "sMFUSm4Rse1n",
          "checksum": "1cab3d1e21957ab622740c26afdf1593"
        },
        {
          "type": "renderModule",
          "assetId": "sRJYTCOVASaN",
          "checksum": "dc2238811d3ff8812df755e43b843b52"
        },
        {
          "type": "cssRules",
          "assetId": "sRJYTCOVASaN",
          "checksum": "dc2238811d3ff8812df755e43b843b52"
        },
        {
          "type": "renderModule",
          "assetId": "DAE3NiFvGT61",
          "checksum": "15bbb176d4f5a56541592d6dc16e5b13"
        },
        {
          "type": "cssRules",
          "assetId": "DAE3NiFvGT61",
          "checksum": "15bbb176d4f5a56541592d6dc16e5b13"
        },
        {
          "type": "renderModule",
          "assetId": "LC8-k9HAj7G6",
          "checksum": "8a0a4bf631cd35c6ca97e22fce0d5da9"
        },
        {
          "type": "cssRules",
          "assetId": "LC8-k9HAj7G6",
          "checksum": "8a0a4bf631cd35c6ca97e22fce0d5da9"
        },
        {
          "type": "renderModule",
          "assetId": "FEEjiQQyH9DH",
          "checksum": "75b6a71782e41ad9090c91d7143eccd1"
        },
        {
          "type": "cssRules",
          "assetId": "FEEjiQQyH9DH",
          "checksum": "75b6a71782e41ad9090c91d7143eccd1"
        },
        {
          "type": "renderModule",
          "assetId": "zIbTrUHHii3n",
          "checksum": "2b936a89cd038b9ffdd4caf679dcd309"
        },
        {
          "type": "cssRules",
          "assetId": "zIbTrUHHii3n",
          "checksum": "2b936a89cd038b9ffdd4caf679dcd309"
        },
        {
          "type": "renderModule",
          "assetId": "bUodloe0oRk-",
          "checksum": "0873d60bc3aee12b3b4402e601cea3c1"
        },
        {
          "type": "cssRules",
          "assetId": "bUodloe0oRk-",
          "checksum": "0873d60bc3aee12b3b4402e601cea3c1"
        },
        {
          "type": "renderModule",
          "assetId": "t9A2zMjk460L",
          "checksum": "c5e94fe7c9eaefbfc113b6c7ab9c9763"
        },
        {
          "type": "cssRules",
          "assetId": "t9A2zMjk460L",
          "checksum": "c5e94fe7c9eaefbfc113b6c7ab9c9763"
        },
        {
          "type": "renderModule",
          "assetId": "LxnEHVEe-YQz",
          "checksum": "5168adbdbb1c0814e68b3c8d0c330472"
        },
        {
          "type": "cssRules",
          "assetId": "LxnEHVEe-YQz",
          "checksum": "5168adbdbb1c0814e68b3c8d0c330472"
        },
        {
          "type": "renderModule",
          "assetId": "NS59_HHVCjWE",
          "checksum": "355771dced2971c1e2fba3782f10d0ed"
        },
        {
          "type": "cssRules",
          "assetId": "NS59_HHVCjWE",
          "checksum": "355771dced2971c1e2fba3782f10d0ed"
        },
        {
          "type": "renderModule",
          "assetId": "P8XCUiv-Q8EN",
          "checksum": "aefb09bc6a37bce42ab0a428405c9b9b"
        },
        {
          "type": "cssRules",
          "assetId": "P8XCUiv-Q8EN",
          "checksum": "aefb09bc6a37bce42ab0a428405c9b9b"
        },
        {
          "type": "renderModule",
          "assetId": "dplT5okjZ4rM",
          "checksum": "b87c3d6f486a4e77f965c59dc729e10d"
        },
        {
          "type": "cssRules",
          "assetId": "dplT5okjZ4rM",
          "checksum": "b87c3d6f486a4e77f965c59dc729e10d"
        },
        {
          "type": "renderModule",
          "assetId": "h_y4PEdWwbTE",
          "checksum": "afa64f812695c4dc4598b3bd35308638"
        },
        {
          "type": "cssRules",
          "assetId": "h_y4PEdWwbTE",
          "checksum": "afa64f812695c4dc4598b3bd35308638"
        },
        {
          "type": "renderModule",
          "assetId": "Vsy6KB8nrurB",
          "checksum": "db8eef8df08c9f621307f6bee832036b"
        },
        {
          "type": "cssRules",
          "assetId": "Vsy6KB8nrurB",
          "checksum": "db8eef8df08c9f621307f6bee832036b"
        },
        {
          "type": "renderModule",
          "assetId": "K8nzhInybPvx",
          "checksum": "aab4d857b4fc1d51b887ead11219d16f"
        },
        {
          "type": "cssRules",
          "assetId": "K8nzhInybPvx",
          "checksum": "aab4d857b4fc1d51b887ead11219d16f"
        },
        {
          "type": "renderModule",
          "assetId": "a1-R-Fsk1xJU",
          "checksum": "4b4cdac53ff0931c760235ab4a7452c3"
        },
        {
          "type": "cssRules",
          "assetId": "a1-R-Fsk1xJU",
          "checksum": "4b4cdac53ff0931c760235ab4a7452c3"
        },
        {
          "type": "renderModule",
          "assetId": "MK7PU_8zBcy2",
          "checksum": "5ed750ef90c050a8e017d7c799b77027"
        },
        {
          "type": "cssRules",
          "assetId": "MK7PU_8zBcy2",
          "checksum": "5ed750ef90c050a8e017d7c799b77027"
        },
        {
          "type": "renderModule",
          "assetId": "9kMbghGPkPE0",
          "checksum": "eb9535b15ad4efbcba926fe9d2a07083"
        },
        {
          "type": "cssRules",
          "assetId": "9kMbghGPkPE0",
          "checksum": "eb9535b15ad4efbcba926fe9d2a07083"
        },
        {
          "type": "renderModule",
          "assetId": "BlDT9nvXmxpX",
          "checksum": "fc4f3a675b6b1a9a8ca66fb54c77c32c"
        },
        {
          "type": "cssRules",
          "assetId": "BlDT9nvXmxpX",
          "checksum": "fc4f3a675b6b1a9a8ca66fb54c77c32c"
        },
        {
          "type": "renderModule",
          "assetId": "2aSD8p-fn-HK",
          "checksum": "b826820d5466860d12d6e332a31e585f"
        },
        {
          "type": "cssRules",
          "assetId": "2aSD8p-fn-HK",
          "checksum": "b826820d5466860d12d6e332a31e585f"
        },
        {
          "type": "renderModule",
          "assetId": "-v3BRRjBQBQZ",
          "checksum": "447f6e15c9789a62c0537e6f581066a0"
        },
        {
          "type": "cssRules",
          "assetId": "-v3BRRjBQBQZ",
          "checksum": "447f6e15c9789a62c0537e6f581066a0"
        },
        {
          "type": "renderModule",
          "assetId": "OwyLGRrrXPxl",
          "checksum": "208b06a20903e68e0babb5ccf17213e6"
        },
        {
          "type": "cssRules",
          "assetId": "OwyLGRrrXPxl",
          "checksum": "208b06a20903e68e0babb5ccf17213e6"
        },
        {
          "type": "renderModule",
          "assetId": "ADeWMzF7qk_q",
          "checksum": "f800087e05589b6d7d5f9d7417576e1e"
        },
        {
          "type": "cssRules",
          "assetId": "ADeWMzF7qk_q",
          "checksum": "f800087e05589b6d7d5f9d7417576e1e"
        },
        {
          "type": "renderModule",
          "assetId": "M6uGwDrBr-xX",
          "checksum": "291d0dbf396683f0ff4ae9ad0902a567"
        },
        {
          "type": "cssRules",
          "assetId": "M6uGwDrBr-xX",
          "checksum": "291d0dbf396683f0ff4ae9ad0902a567"
        },
        {
          "type": "renderModule",
          "assetId": "71kaamFMij4T",
          "checksum": "2bbebdaf8d1665b17fdd4f201cdf49b4"
        },
        {
          "type": "cssRules",
          "assetId": "71kaamFMij4T",
          "checksum": "2bbebdaf8d1665b17fdd4f201cdf49b4"
        },
        {
          "type": "icon",
          "assetId": "5jeGj6mmZ8vB",
          "checksum": "a3fb941de888b974335d48fb726a6f85"
        },
        {
          "type": "icon",
          "assetId": "Ci_S92ecHKID",
          "checksum": "1a7c3cc1532c7398348834a3ff7e96cf"
        },
        {
          "type": "icon",
          "assetId": "ocYOvEWZNQEx",
          "checksum": "b6ff252cb4707ae70f4384df561e9833"
        },
        {
          "type": "icon",
          "assetId": "DNXHdlapq7ED",
          "checksum": "ebe0d3b7afa724ab76af24623fae2f1d"
        },
        {
          "type": "icon",
          "assetId": "j96Eqe3O9l1a",
          "checksum": "103e5827d267ca1bbf66a89af6be25fa"
        },
        {
          "type": "icon",
          "assetId": "bQrEUghiiNPA",
          "checksum": "f8b1ffe891d35f175175f29576750e59"
        },
        {
          "type": "icon",
          "assetId": "kpk6giuFkLkG",
          "checksum": "d77189e673ebc431b7a51ddc0ce0c5c2"
        },
        {
          "type": "icon",
          "assetId": "WwaYFCNjX_od",
          "checksum": "d13a34b2dbe8e4dfc62b5a8bbc2eb3fa"
        },
        {
          "type": "icon",
          "assetId": "uLZxFNTmn-hy",
          "checksum": "bf5a7e147adfa361601e19f45f5a3916"
        },
        {
          "type": "icon",
          "assetId": "0fG2IaNlxY5c",
          "checksum": "7441b6cd8db90d3b0e0350cd873e5b62"
        },
        {
          "type": "icon",
          "assetId": "a03oxE36-ZXA",
          "checksum": "6a129a34221ea9ba7b6cffb37293625d"
        },
        {
          "type": "icon",
          "assetId": "SdK-NtNGaBy-",
          "checksum": "b1e85b1bf781ccbfbd01c17f74aa1205"
        },
        {
          "type": "icon",
          "assetId": "bAhpnAK7THhp",
          "checksum": "d10969b94593c084fa107aacc7718ace"
        },
        {
          "type": "icon",
          "assetId": "bWq-MuzJfWjU",
          "checksum": "e114947c023a6c3706c9f7089173eca8"
        },
        {
          "type": "icon",
          "assetId": "ZBW5Zu_eSSkO",
          "checksum": "6ed2048eff40f978730e09767bdaa151"
        },
        {
          "type": "icon",
          "assetId": "ox84ymJswMem",
          "checksum": "f33f5937014feea499d3c9f6bd6521ae"
        },
        {
          "type": "icon",
          "assetId": "z4d4jzsZYGyL",
          "checksum": "b234e2b47aadcc1567fd09438e7dab38"
        },
        {
          "type": "icon",
          "assetId": "d6pYV7-MgJw-",
          "checksum": "bc7872c5c7e0bbb0597bc275a8a2d181"
        },
        {
          "type": "icon",
          "assetId": "PftAHHeRYrre",
          "checksum": "a60dbc5d0f8e85c74f837c615b9d3a88"
        },
        {
          "type": "icon",
          "assetId": "HwZPssb46M6S",
          "checksum": "1a81593e4c415193edf6146bcb1e4c43"
        },
        {
          "type": "icon",
          "assetId": "8YWoq9ZBpZO5",
          "checksum": "7b2574bbf73f3e39c6584309c18a4f95"
        },
        {
          "type": "icon",
          "assetId": "WNyvSgXEFSbJ",
          "checksum": "d91abda6346a6c3bfdc94cd7f772472f"
        },
        {
          "type": "icon",
          "assetId": "Yz__FzX8w2Ld",
          "checksum": "1c07317f21821f3290e5dfdb3db8dced"
        },
        {
          "type": "icon",
          "assetId": "7WOAHhaONJRL",
          "checksum": "cdf83f9133bd880887c09e23c86bc581"
        },
        {
          "type": "icon",
          "assetId": "XGTI_fupuDy3",
          "checksum": "b203e5d8b09ae1cdf0313f21869a90a8"
        },
        {
          "type": "icon",
          "assetId": "vrxr8bhrfGLz",
          "checksum": "4546230f589652627adf740250508e51"
        },
        {
          "type": "icon",
          "assetId": "KPjd8jt9jbyI",
          "checksum": "3d8f1ead1e24f0d4ad627fbaa764d8ac"
        },
        {
          "type": "icon",
          "assetId": "O7JQV6oE45eC",
          "checksum": "0c6050a2f8cea6b026219d9df302419c"
        },
        {
          "type": "icon",
          "assetId": "-vkgHVWNbbvW",
          "checksum": "199a8f75e8afb46eb07cf4a58518d5a3"
        },
        {
          "type": "icon",
          "assetId": "JXNlQ4Mfe2uf",
          "checksum": "5b936aee2c5bdbf17540f53ec0a4652c"
        },
        {
          "type": "icon",
          "assetId": "o0f86TDKyhP4",
          "checksum": "1f4fdf5d00565d6398433aedb8dab31c"
        },
        {
          "type": "icon",
          "assetId": "_OT5eqCLxfFb",
          "checksum": "1ec45375b426404cce22b6e1cb17cdb7"
        },
        {
          "type": "icon",
          "assetId": "dj4yWDVR71A1",
          "checksum": "dc4c438d2aa955de87abe839f30cef58"
        },
        {
          "type": "icon",
          "assetId": "_MZWCJMDhc0p",
          "checksum": "2290ab7e12fb59db0e4b202c6d2b1d04"
        },
        {
          "type": "icon",
          "assetId": "TLk_yzELXoFA",
          "checksum": "b4ef034ae727312a8f172554e609db83"
        },
        {
          "type": "icon",
          "assetId": "M1neJOsJyuAp",
          "checksum": "8a5e935d6dbfaa9ee73601f6840cd7a5"
        },
        {
          "type": "icon",
          "assetId": "ItuLq8yvKyo9",
          "checksum": "c88cf560ed80229e99613494ce6a049c"
        },
        {
          "type": "icon",
          "assetId": "qJlJlC1kTZlo",
          "checksum": "15fd97b39e9909a790497f8a08428f5f"
        },
        {
          "type": "icon",
          "assetId": "jAa4TRIEy4qG",
          "checksum": "467df9072a02c1069af3031b4a0345a5"
        },
        {
          "type": "icon",
          "assetId": "rveEA9ywCfmC",
          "checksum": "cfc29e90384c8807d8954722ceb34f7f"
        },
        {
          "type": "icon",
          "assetId": "FIOgRl_X1ii6",
          "checksum": "28fcb0d10510131444554d6e399ec132"
        },
        {
          "type": "icon",
          "assetId": "dHEGprUkPWw2",
          "checksum": "3589af54bc97c316cccae58151051670"
        },
        {
          "type": "icon",
          "assetId": "kE1cgkVuXHP_",
          "checksum": "31773fb3c53f8f23271f8562e4a22c1e"
        },
        {
          "type": "icon",
          "assetId": "_E4W_BV0nYt0",
          "checksum": "d15e6032a75ecfe2c9a5d95d72cdd8c9"
        },
        {
          "type": "icon",
          "assetId": "EZ80ff0mgCDm",
          "checksum": "c4a7045e1da86aceed9b37e3e6d0703c"
        },
        {
          "type": "icon",
          "assetId": "F1Y7pJ1DUm9w",
          "checksum": "f652465844dad056479105733333a378"
        },
        {
          "type": "icon",
          "assetId": "t0O67ZtW73Zr",
          "checksum": "4088c2338e73af223aab0a729bef2ad9"
        },
        {
          "type": "icon",
          "assetId": "_iSdF42i5G55",
          "checksum": "acfe6714add9cb415f7c7e8ec48fd2af"
        },
        {
          "type": "icon",
          "assetId": "GqbybP6dKkza",
          "checksum": "3d9c99ec9fc653b6f91b479e72dfe13f"
        },
        {
          "type": "icon",
          "assetId": "5rxHOCaN961n",
          "checksum": "8a8637bbd15c7ffdabca4a1a79c27f64"
        },
        {
          "type": "icon",
          "assetId": "8MlxkksRXspQ",
          "checksum": "42f4343ecf5a4a63f03c8f934d51f132"
        },
        {
          "type": "icon",
          "assetId": "moR-RvgxOnwv",
          "checksum": "7f0ec16b36d99663e25d112bd2d31d85"
        },
        {
          "type": "icon",
          "assetId": "Mur1Z1Uvvct5",
          "checksum": "a9f064848b2b3b7bf2ca5d8c3914141a"
        },
        {
          "type": "icon",
          "assetId": "5uMxadqcvJ9K",
          "checksum": "43d22d1f6ac2d85c1e96493963e5528f"
        },
        {
          "type": "icon",
          "assetId": "gCCTv5fw8IjC",
          "checksum": "56360fa84671ab4e71a6e8d960fc8c5d"
        },
        {
          "type": "icon",
          "assetId": "4GC2aMwhOJpH",
          "checksum": "c4e7fa9e3d4210668755c71e408aeb1c"
        },
        {
          "type": "icon",
          "assetId": "_M8_nAKAhFbl",
          "checksum": "58631f0360c7d92fe60b04ab18f62efa"
        },
        {
          "type": "icon",
          "assetId": "lxU0WKGHeNgT",
          "checksum": "055f3422b47b2084ac5f4d162f15e5f2"
        },
        {
          "type": "icon",
          "assetId": "fJ3QUYRGexDQ",
          "checksum": "c5645c4ccafd9d03d5bcc96293a4c313"
        },
        {
          "type": "icon",
          "assetId": "pD_kT2Cmbtui",
          "checksum": "b52dc9b2c09db32ec89260d480bf793a"
        },
        {
          "type": "icon",
          "assetId": "LIcTZYC1Bw0C",
          "checksum": "e6c355b819fcfd46bb96f42feb8daa3a"
        },
        {
          "type": "icon",
          "assetId": "v7GuA6BWaEiz",
          "checksum": "dcde32700db83e73a260d66ed86f7132"
        },
        {
          "type": "icon",
          "assetId": "mS4KNLQOJhNP",
          "checksum": "0b2f749a4acca9f69f4398d0ea8ab904"
        },
        {
          "type": "icon",
          "assetId": "sNecx8sHocv7",
          "checksum": "c54a7ed78ead1b1f2e653b37f8ddf0fd"
        },
        {
          "type": "icon",
          "assetId": "CCctzKrebyQ-",
          "checksum": "3faad84aa6b66419c7278e29b9e80f78"
        },
        {
          "type": "icon",
          "assetId": "1_rJRzT3RLRj",
          "checksum": "675e21e8648be76fb2b08ec929be6f71"
        },
        {
          "type": "icon",
          "assetId": "G4CWnZjTFOxL",
          "checksum": "b21d7bb30d270f8094cf217e58f8e8b1"
        },
        {
          "type": "icon",
          "assetId": "M9cVc8SVjhwR",
          "checksum": "5301bb66a6247c62cd23fb65bf32d84f"
        },
        {
          "type": "icon",
          "assetId": "V46BKmtAG23P",
          "checksum": "732a9dd6be612c0192d9cbcbe3db4311"
        },
        {
          "type": "icon",
          "assetId": "FR1b62feBMyE",
          "checksum": "c9b94c4df21e9f616ec456ee5dbd821c"
        },
        {
          "type": "icon",
          "assetId": "ci52nXpmRNxx",
          "checksum": "8e075d15e1436bcea975273353d38c8d"
        },
        {
          "type": "icon",
          "assetId": "rvEvMdgVVfLh",
          "checksum": "2a87f2dfd25539cc925a1b689af24321"
        },
        {
          "type": "icon",
          "assetId": "s9woIgVEefpx",
          "checksum": "7464967d831c4e648ee97e5cf8b6cadc"
        },
        {
          "type": "icon",
          "assetId": "b1Tpen0CEpNh",
          "checksum": "35a3741ffa37b243fb21c8770b42ce9e"
        },
        {
          "type": "icon",
          "assetId": "LfnI6Tyyr_BB",
          "checksum": "51affd76e7dcbb8b3a1d018ce76f28bb"
        },
        {
          "type": "icon",
          "assetId": "SZG5yHCipNmL",
          "checksum": "5991522ffbcc997da19b93a94363a877"
        },
        {
          "type": "icon",
          "assetId": "-lZxoS5gMyXE",
          "checksum": "2ee16af3a7005b1fcdf5e54c5c8af129"
        },
        {
          "type": "icon",
          "assetId": "py4QXXqBMR6m",
          "checksum": "19f6bdaba23990bed1ae0d116f07c79a"
        },
        {
          "type": "icon",
          "assetId": "HuB5PPIKiEBc",
          "checksum": "8a4014b99cb5562e9823c4237cedbede"
        },
        {
          "type": "icon",
          "assetId": "ocx7rJgz5TzF",
          "checksum": "76a45614c8d91fc79eae85f0a06fd67f"
        },
        {
          "type": "icon",
          "assetId": "VzXt7ldNpp_u",
          "checksum": "ecc878d4bb69db0eb62b896bd416c206"
        },
        {
          "type": "icon",
          "assetId": "GBAmxiFcI80u",
          "checksum": "490fa9d2439a5bab90eb7f7ff74f19d1"
        },
        {
          "assetId": "umqBp7PH6EsELMxj7VcR5D",
          "type": "projectCss",
          "checksum": "599629a068d164f7c4b928ec6f473b7a"
        }
      ],
      "codegenVersion": "0.0.1"
    }
  ],
  "cliVersion": "0.1.331"
}
